
Microsoft Visual Studio Solution File, Format Version 12.00
# Visual Studio Version 17
VisualStudioVersion = 17.3.32825.248
MinimumVisualStudioVersion = 10.0.40219.1
Project("{FAE04EC0-301F-11D3-BF4B-00C04F79EFBC}") = "AdventOfCode2022", "AdventOfCode2022\AdventOfCode2022.csproj", "{D562B924-0BCD-40D8-930E-4C9C0B1E06D5}"
EndProject
Global
	GlobalSection(SolutionConfigurationPlatforms) = preSolution
		Debug|Any CPU = Debug|Any CPU
		Release|Any CPU = Release|Any CPU
	EndGlobalSection
	GlobalSection(ProjectConfigurationPlatforms) = postSolution
		{D562B924-0BCD-40D8-930E-4C9C0B1E06D5}.Debug|Any CPU.ActiveCfg = Debug|Any CPU
		{D562B924-0BCD-40D8-930E-4C9C0B1E06D5}.Debug|Any CPU.Build.0 = Debug|Any CPU
		{D562B924-0BCD-40D8-930E-4C9C0B1E06D5}.Release|Any CPU.ActiveCfg = Release|Any CPU
		{D562B924-0BCD-40D8-930E-4C9C0B1E06D5}.Release|Any CPU.Build.0 = Release|Any CPU
	EndGlobalSection
	GlobalSection(SolutionProperties) = preSolution
		HideSolutionNode = FALSE
	EndGlobalSection
	GlobalSection(ExtensibilityGlobals) = postSolution
		SolutionGuid = {71551CEB-00FB-4E97-9043-6F94CEE1AF9D}
	EndGlobalSection
EndGlobal
